
Microsoft Visual Studio Solution File, Format Version 12.00
# Visual Studio Version 17
VisualStudioVersion = 17.7.34024.191
MinimumVisualStudioVersion = 10.0.40219.1
Project("{FAE04EC0-301F-11D3-BF4B-00C04F79EFBC}") = "ChessBoard", "ChessBoard.csproj", "{91B7F760-E4DA-496A-8D4D-2C8CDB90BE1E}"
EndProject
Global
	GlobalSection(SolutionConfigurationPlatforms) = preSolution
		Debug|Any CPU = Debug|Any CPU
		Release|Any CPU = Release|Any CPU
	EndGlobalSection
	GlobalSection(ProjectConfigurationPlatforms) = postSolution
		{91B7F760-E4DA-496A-8D4D-2C8CDB90BE1E}.Debug|Any CPU.ActiveCfg = Debug|Any CPU
		{91B7F760-E4DA-496A-8D4D-2C8CDB90BE1E}.Debug|Any CPU.Build.0 = Debug|Any CPU
		{91B7F760-E4DA-496A-8D4D-2C8CDB90BE1E}.Release|Any CPU.ActiveCfg = Release|Any CPU
		{91B7F760-E4DA-496A-8D4D-2C8CDB90BE1E}.Release|Any CPU.Build.0 = Release|Any CPU
	EndGlobalSection
	GlobalSection(SolutionProperties) = preSolution
		HideSolutionNode = FALSE
	EndGlobalSection
	GlobalSection(ExtensibilityGlobals) = postSolution
		SolutionGuid = {F59880D6-1EF9-47D5-AE44-6CEE9E499CC8}
	EndGlobalSection
EndGlobal
